{
    "_readme": [
        "This file locks the dependencies of your project to a known state",
        "Read more about it at https://getcomposer.org/doc/01-basic-usage.md#composer-lock-the-lock-file",
        "This file is @generated automatically"
    ],
    "content-hash": "96d7161eeafda9b4f58a79dc80139650",
    "packages": [
        {
            "name": "lichtner/fluentpdo",
            "version": "v1.1.1",
            "source": {
                "type": "git",
                "url": "https://github.com/envms/fluentpdo.git",
                "reference": "a1616eb2bf0ecdac4689d6261be49c036d85c368"
            },
            "dist": {
                "type": "zip",
                "url": "https://api.github.com/repos/envms/fluentpdo/zipball/a1616eb2bf0ecdac4689d6261be49c036d85c368",
                "reference": "a1616eb2bf0ecdac4689d6261be49c036d85c368",
                "shasum": ""
            },
            "type": "library",
            "autoload": {
                "files": [
                    "FluentPDO/FluentPDO.php"
                ]
            },
            "notification-url": "https://packagist.org/downloads/",
            "license": [
                "Apache-2.0",
                "GPL-2.0+"
            ],
            "authors": [
                {
                    "name": "Marek Lichtner",
                    "homepage": "http://licht.sk/"
                }
            ],
            "description": "FluentPDO is small PHP library for rapid query building. Killer feature is smart join builder which generates joins automatically.",
            "homepage": "https://github.com/fpdo/fluentpdo",
            "keywords": [
                "database",
                "dbal",
                "pdo"
            ],
            "time": "2017-09-05T14:22:18+00:00"
        }
    ],
    "packages-dev": [],
    "aliases": [],
    "minimum-stability": "stable",
    "stability-flags": [],
    "prefer-stable": false,
    "prefer-lowest": false,
    "platform": [],
    "platform-dev": []
}
